// !$*UTF8*$!
{
	archiveVersion = 1;
	classes = {
	};
	objectVersion = 50;
	objects = {

/* Begin PBXBuildFile section */
		CC90834A22DE3AA30083FF5A /* AppDelegate.swift in Sources */ = {isa = PBXBuildFile; fileRef = CC90834922DE3AA30083FF5A /* AppDelegate.swift */; };
		CC90834C22DE3AA40083FF5A /* ViewController.swift in Sources */ = {isa = PBXBuildFile; fileRef = CC90834B22DE3AA40083FF5A /* ViewController.swift */; };
		CC90834F22DE3AA40083FF5A /* Main.storyboard in Resources */ = {isa = PBXBuildFile; fileRef = CC90834D22DE3AA40083FF5A /* Main.storyboard */; };
		CC90835222DE3AA40083FF5A /* Git_Hub_Test_2.xcdatamodeld in Sources */ = {isa = PBXBuildFile; fileRef = CC90835022DE3AA40083FF5A /* Git_Hub_Test_2.xcdatamodeld */; };
		CC90835422DE3AA90083FF5A /* Assets.xcassets in Resources */ = {isa = PBXBuildFile; fileRef = CC90835322DE3AA90083FF5A /* Assets.xcassets */; };
		CC90835722DE3AA90083FF5A /* LaunchScreen.storyboard in Resources */ = {isa = PBXBuildFile; fileRef = CC90835522DE3AA90083FF5A /* LaunchScreen.storyboard */; };
/* End PBXBuildFile section */

/* Begin PBXFileReference section */
		CC90834622DE3AA30083FF5A /* Git Hub Test 2.app */ = {isa = PBXFileReference; explicitFileType = wrapper.application; includeInIndex = 0; path = "Git Hub Test 2.app"; sourceTree = BUILT_PRODUCTS_DIR; };
		CC90834922DE3AA30083FF5A /* AppDelegate.swift */ = {isa = PBXFileReference; lastKnownFileType = sourcecode.swift; path = AppDelegate.swift; sourceTree = "<group>"; };
		CC90834B22DE3AA40083FF5A /* ViewController.swift */ = {isa = PBXFileReference; lastKnownFileType = sourcecode.swift; path = ViewController.swift; sourceTree = "<group>"; };
		CC90834E22DE3AA40083FF5A /* Base */ = {isa = PBXFileReference; lastKnownFileType = file.storyboard; name = Base; path = Base.lproj/Main.storyboard; sourceTree = "<group>"; };
		CC90835122DE3AA40083FF5A /* Git_Hub_Test_2.xcdatamodel */ = {isa = PBXFileReference; lastKnownFileType = wrapper.xcdatamodel; path = Git_Hub_Test_2.xcdatamodel; sourceTree = "<group>"; };
		CC90835322DE3AA90083FF5A /* Assets.xcassets */ = {isa = PBXFileReference; lastKnownFileType = folder.assetcatalog; path = Assets.xcassets; sourceTree = "<group>"; };
		CC90835622DE3AA90083FF5A /* Base */ = {isa = PBXFileReference; lastKnownFileType = file.storyboard; name = Base; path = Base.lproj/LaunchScreen.storyboard; sourceTree = "<group>"; };
		CC90835822DE3AA90083FF5A /* Info.plist */ = {isa = PBXFileReference; lastKnownFileType = text.plist.xml; path = Info.plist; sourceTree = "<group>"; };
/* End PBXFileReference section */

/* Begin PBXFrameworksBuildPhase section */
		CC90834322DE3AA30083FF5A /* Frameworks */ = {
			isa = PBXFrameworksBuildPhase;
			buildActionMask = 2147483647;
			files = (
			);
			runOnlyForDeploymentPostprocessing = 0;
		};
/* End PBXFrameworksBuildPhase section */

/* Begin PBXGroup section */
		CC90833D22DE3AA30083FF5A = {
			isa = PBXGroup;
			children = (
				CC90834822DE3AA30083FF5A /* Git Hub Test 2 */,
				CC90834722DE3AA30083FF5A /* Products */,
			);
			sourceTree = "<group>";
		};
		CC90834722DE3AA30083FF5A /* Products */ = {
			isa = PBXGroup;
			children = (
				CC90834622DE3AA30083FF5A /* Git Hub Test 2.app */,
			);
			name = Products;
			sourceTree = "<group>";
		};
		CC90834822DE3AA30083FF5A /* Git Hub Test 2 */ = {
			isa = PBXGroup;
			children = (
				CC90834922DE3AA30083FF5A /* AppDelegate.swift */,
				CC90834B22DE3AA40083FF5A /* ViewController.swift */,
				CC90834D22DE3AA40083FF5A /* Main.storyboard */,
				CC90835322DE3AA90083FF5A /* Assets.xcassets */,
				CC90835522DE3AA90083FF5A /* LaunchScreen.storyboard */,
				CC90835822DE3AA90083FF5A /* Info.plist */,
				CC90835022DE3AA40083FF5A /* Git_Hub_Test_2.xcdatamodeld */,
			);
			path = "Git Hub Test 2";
			sourceTree = "<group>";
		};
/* End PBXGroup section */

/* Begin PBXNativeTarget section */
		CC90834522DE3AA30083FF5A /* Git Hub Test 2 */ = {
			isa = PBXNativeTarget;
			buildConfigurationList = CC90835B22DE3AA90083FF5A /* Build configuration list for PBXNativeTarget "Git Hub Test 2" */;
			buildPhases = (
				CC90834222DE3AA30083FF5A /* Sources */,
				CC90834322DE3AA30083FF5A /* Frameworks */,
				CC90834422DE3AA30083FF5A /* Resources */,
			);
			buildRules = (
			);
			dependencies = (
			);
			name = "Git Hub Test 2";
			productName = "Git Hub Test 2";
			productReference = CC90834622DE3AA30083FF5A /* Git Hub Test 2.app */;
			productType = "com.apple.product-type.application";
		};
/* End PBXNativeTarget section */

/* Begin PBXProject section */
		CC90833E22DE3AA30083FF5A /* Project object */ = {
			isa = PBXProject;
			attributes = {
				LastSwiftUpdateCheck = 1010;
				LastUpgradeCheck = 1010;
				ORGANIZATIONNAME = "Girls Who Code";
				TargetAttributes = {
					CC90834522DE3AA30083FF5A = {
						CreatedOnToolsVersion = 10.1;
					};
				};
			};
			buildConfigurationList = CC90834122DE3AA30083FF5A /* Build configuration list for PBXProject "Git Hub Test 2" */;
			compatibilityVersion = "Xcode 9.3";
			developmentRegion = en;
			hasScannedForEncodings = 0;
			knownRegions = (
				en,
				Base,
			);
			mainGroup = CC90833D22DE3AA30083FF5A;
			productRefGroup = CC90834722DE3AA30083FF5A /* Products */;
			projectDirPath = "";
			projectRoot = "";
			targets = (
				CC90834522DE3AA30083FF5A /* Git Hub Test 2 */,
			);
		};
/* End PBXProject section */

/* Begin PBXResourcesBuildPhase section */
		CC90834422DE3AA30083FF5A /* Resources */ = {
			isa = PBXResourcesBuildPhase;
			buildActionMask = 2147483647;
			files = (
				CC90835722DE3AA90083FF5A /* LaunchScreen.storyboard in Resources */,
				CC90835422DE3AA90083FF5A /* Assets.xcassets in Resources */,
				CC90834F22DE3AA40083FF5A /* Main.storyboard in Resources */,
			);
			runOnlyForDeploymentPostprocessing = 0;
		};
/* End PBXResourcesBuildPhase section */

/* Begin PBXSourcesBuildPhase section */
		CC90834222DE3AA30083FF5A /* Sources */ = {
			isa = PBXSourcesBuildPhase;
			buildActionMask = 2147483647;
			files = (
				CC90835222DE3AA40083FF5A /* Git_Hub_Test_2.xcdatamodeld in Sources */,
				CC90834C22DE3AA40083FF5A /* ViewController.swift in Sources */,
				CC90834A22DE3AA30083FF5A /* AppDelegate.swift in Sources */,
			);
			runOnlyForDeploymentPostprocessing = 0;
		};
/* End PBXSourcesBuildPhase section */

/* Begin PBXVariantGroup section */
		CC90834D22DE3AA40083FF5A /* Main.storyboard */ = {
			isa = PBXVariantGroup;
			children = (
				CC90834E22DE3AA40083FF5A /* Base */,
			);
			name = Main.storyboard;
			sourceTree = "<group>";
		};
		CC90835522DE3AA90083FF5A /* LaunchScreen.storyboard */ = {
			isa = PBXVariantGroup;
			children = (
				CC90835622DE3AA90083FF5A /* Base */,
			);
			name = LaunchScreen.storyboard;
			sourceTree = "<group>";
		};
/* End PBXVariantGroup section */

/* Begin XCBuildConfiguration section */
		CC90835922DE3AA90083FF5A /* Debug */ = {
			isa = XCBuildConfiguration;
			buildSettings = {
				ALWAYS_SEARCH_USER_PATHS = NO;
				CLANG_ANALYZER_NONNULL = YES;
				CLANG_ANALYZER_NUMBER_OBJECT_CONVERSION = YES_AGGRESSIVE;
				CLANG_CXX_LANGUAGE_STANDARD = "gnu++14";
				CLANG_CXX_LIBRARY = "libc++";
				CLANG_ENABLE_MODULES = YES;
				CLANG_ENABLE_OBJC_ARC = YES;
				CLANG_ENABLE_OBJC_WEAK = YES;
				CLANG_WARN_BLOCK_CAPTURE_AUTORELEASING = YES;
				CLANG_WARN_BOOL_CONVERSION = YES;
				CLANG_WARN_COMMA = YES;
				CLANG_WARN_CONSTANT_CONVERSION = YES;
				CLANG_WARN_DEPRECATED_OBJC_IMPLEMENTATIONS = YES;
				CLANG_WARN_DIRECT_OBJC_ISA_USAGE = YES_ERROR;
				CLANG_WARN_DOCUMENTATION_COMMENTS = YES;
				CLANG_WARN_EMPTY_BODY = YES;
				CLANG_WARN_ENUM_CONVERSION = YES;
				CLANG_WARN_INFINITE_RECURSION = YES;
				CLANG_WARN_INT_CONVERSION = YES;
				CLANG_WARN_NON_LITERAL_NULL_CONVERSION = YES;
				CLANG_WARN_OBJC_IMPLICIT_RETAIN_SELF = YES;
				CLANG_WARN_OBJC_LITERAL_CONVERSION = YES;
				CLANG_WARN_OBJC_ROOT_CLASS = YES_ERROR;
				CLANG_WARN_RANGE_LOOP_ANALYSIS = YES;
				CLANG_WARN_STRICT_PROTOTYPES = YES;
				CLANG_WARN_SUSPICIOUS_MOVE = YES;
				CLANG_WARN_UNGUARDED_AVAILABILITY = YES_AGGRESSIVE;
				CLANG_WARN_UNREACHABLE_CODE = YES;
				CLANG_WARN__DUPLICATE_METHOD_MATCH = YES;
				CODE_SIGN_IDENTITY = "iPhone Developer";
				COPY_PHASE_STRIP = NO;
				DEBUG_INFORMATION_FORMAT = dwarf;
				ENABLE_STRICT_OBJC_MSGSEND = YES;
				ENABLE_TESTABILITY = YES;
				GCC_C_LANGUAGE_STANDARD = gnu11;
				GCC_DYNAMIC_NO_PIC = NO;
				GCC_NO_COMMON_BLOCKS = YES;
				GCC_OPTIMIZATION_LEVEL = 0;
				GCC_PREPROCESSOR_DEFINITIONS = (
					"DEBUG=1",
					"$(inherited)",
				);
				GCC_WARN_64_TO_32_BIT_CONVERSION = YES;
				GCC_WARN_ABOUT_RETURN_TYPE = YES_ERROR;
				GCC_WARN_UNDECLARED_SELECTOR = YES;
				GCC_WARN_UNINITIALIZED_AUTOS = YES_AGGRESSIVE;
				GCC_WARN_UNUSED_FUNCTION = YES;
				GCC_WARN_UNUSED_VARIABLE = YES;
				IPHONEOS_DEPLOYMENT_TARGET = 12.1;
				MTL_ENABLE_DEBUG_INFO = INCLUDE_SOURCE;
				MTL_FAST_MATH = YES;
				ONLY_ACTIVE_ARCH = YES;
				SDKROOT = iphoneos;
				SWIFT_ACTIVE_COMPILATION_CONDITIONS = DEBUG;
				SWIFT_OPTIMIZATION_LEVEL = "-Onone";
			};
			name = Debug;
		};
		CC90835A22DE3AA90083FF5A /* Release */ = {
			isa = XCBuildConfiguration;
			buildSettings = {
				ALWAYS_SEARCH_USER_PATHS = NO;
				CLANG_ANALYZER_NONNULL = YES;
				CLANG_ANALYZER_NUMBER_OBJECT_CONVERSION = YES_AGGRESSIVE;
				CLANG_CXX_LANGUAGE_STANDARD = "gnu++14";
				CLANG_CXX_LIBRARY = "libc++";
				CLANG_ENABLE_MODULES = YES;
				CLANG_ENABLE_OBJC_ARC = YES;
				CLANG_ENABLE_OBJC_WEAK = YES;
				CLANG_WARN_BLOCK_CAPTURE_AUTORELEASING = YES;
				CLANG_WARN_BOOL_CONVERSION = YES;
				CLANG_WARN_COMMA = YES;
				CLANG_WARN_CONSTANT_CONVERSION = YES;
				CLANG_WARN_DEPRECATED_OBJC_IMPLEMENTATIONS = YES;
				CLANG_WARN_DIRECT_OBJC_ISA_USAGE = YES_ERROR;
				CLANG_WARN_DOCUMENTATION_COMMENTS = YES;
				CLANG_WARN_EMPTY_BODY = YES;
				CLANG_WARN_ENUM_CONVERSION = YES;
				CLANG_WARN_INFINITE_RECURSION = YES;
				CLANG_WARN_INT_CONVERSION = YES;
				CLANG_WARN_NON_LITERAL_NULL_CONVERSION = YES;
				CLANG_WARN_OBJC_IMPLICIT_RETAIN_SELF = YES;
				CLANG_WARN_OBJC_LITERAL_CONVERSION = YES;
				CLANG_WARN_OBJC_ROOT_CLASS = YES_ERROR;
				CLANG_WARN_RANGE_LOOP_ANALYSIS = YES;
				CLANG_WARN_STRICT_PROTOTYPES = YES;
				CLANG_WARN_SUSPICIOUS_MOVE = YES;
				CLANG_WARN_UNGUARDED_AVAILABILITY = YES_AGGRESSIVE;
				CLANG_WARN_UNREACHABLE_CODE = YES;
				CLANG_WARN__DUPLICATE_METHOD_MATCH = YES;
				CODE_SIGN_IDENTITY = "iPhone Developer";
				COPY_PHASE_STRIP = NO;
				DEBUG_INFORMATION_FORMAT = "dwarf-with-dsym";
				ENABLE_NS_ASSERTIONS = NO;
				ENABLE_STRICT_OBJC_MSGSEND = YES;
				GCC_C_LANGUAGE_STANDARD = gnu11;
				GCC_NO_COMMON_BLOCKS = YES;
				GCC_WARN_64_TO_32_BIT_CONVERSION = YES;
				GCC_WARN_ABOUT_RETURN_TYPE = YES_ERROR;
				GCC_WARN_UNDECLARED_SELECTOR = YES;
				GCC_WARN_UNINITIALIZED_AUTOS = YES_AGGRESSIVE;
				GCC_WARN_UNUSED_FUNCTION = YES;
				GCC_WARN_UNUSED_VARIABLE = YES;
				IPHONEOS_DEPLOYMENT_TARGET = 12.1;
				MTL_ENABLE_DEBUG_INFO = NO;
				MTL_FAST_MATH = YES;
				SDKROOT = iphoneos;
				SWIFT_COMPILATION_MODE = wholemodule;
				SWIFT_OPTIMIZATION_LEVEL = "-O";
				VALIDATE_PRODUCT = YES;
			};
			name = Release;
		};
		CC90835C22DE3AA90083FF5A /* Debug */ = {
			isa = XCBuildConfiguration;
			buildSettings = {
				ASSETCATALOG_COMPILER_APPICON_NAME = AppIcon;
				CODE_SIGN_STYLE = Automatic;
				DEVELOPMENT_TEAM = 7PQTTN63K5;
				INFOPLIST_FILE = "Git Hub Test 2/Info.plist";
				LD_RUNPATH_SEARCH_PATHS = (
					"$(inherited)",
					"@executable_path/Frameworks",
				);
				PRODUCT_BUNDLE_IDENTIFIER = "com.josephine.Git-Hub-Test-2";
				PRODUCT_NAME = "$(TARGET_NAME)";
				SWIFT_VERSION = 4.2;
				TARGETED_DEVICE_FAMILY = "1,2";
			};
			name = Debug;
		};
		CC90835D22DE3AA90083FF5A /* Release */ = {
			isa = XCBuildConfiguration;
			buildSettings = {
				ASSETCATALOG_COMPILER_APPICON_NAME = AppIcon;
				CODE_SIGN_STYLE = Automatic;
				DEVELOPMENT_TEAM = 7PQTTN63K5;
				INFOPLIST_FILE = "Git Hub Test 2/Info.plist";
				LD_RUNPATH_SEARCH_PATHS = (
					"$(inherited)",
					"@executable_path/Frameworks",
				);
				PRODUCT_BUNDLE_IDENTIFIER = "com.josephine.Git-Hub-Test-2";
				PRODUCT_NAME = "$(TARGET_NAME)";
				SWIFT_VERSION = 4.2;
				TARGETED_DEVICE_FAMILY = "1,2";
			};
			name = Release;
		};
/* End XCBuildConfiguration section */

/* Begin XCConfigurationList section */
		CC90834122DE3AA30083FF5A /* Build configuration list for PBXProject "Git Hub Test 2" */ = {
			isa = XCConfigurationList;
			buildConfigurations = (
				CC90835922DE3AA90083FF5A /* Debug */,
				CC90835A22DE3AA90083FF5A /* Release */,
			);
			defaultConfigurationIsVisible = 0;
			defaultConfigurationName = Release;
		};
		CC90835B22DE3AA90083FF5A /* Build configuration list for PBXNativeTarget "Git Hub Test 2" */ = {
			isa = XCConfigurationList;
			buildConfigurations = (
				CC90835C22DE3AA90083FF5A /* Debug */,
				CC90835D22DE3AA90083FF5A /* Release */,
			);
			defaultConfigurationIsVisible = 0;
			defaultConfigurationName = Release;
		};
/* End XCConfigurationList section */

/* Begin XCVersionGroup section */
		CC90835022DE3AA40083FF5A /* Git_Hub_Test_2.xcdatamodeld */ = {
			isa = XCVersionGroup;
			children = (
				CC90835122DE3AA40083FF5A /* Git_Hub_Test_2.xcdatamodel */,
			);
			currentVersion = CC90835122DE3AA40083FF5A /* Git_Hub_Test_2.xcdatamodel */;
			path = Git_Hub_Test_2.xcdatamodeld;
			sourceTree = "<group>";
			versionGroupType = wrapper.xcdatamodel;
		};
/* End XCVersionGroup section */
	};
	rootObject = CC90833E22DE3AA30083FF5A /* Project object */;
}
